// !$*UTF8*$!
{
	archiveVersion = 1;
	classes = {
	};
	objectVersion = 48;
	objects = {

/* Begin PBXBuildFile section */
		8D434D0F21966BDB00D4CE01 /* main.m in Sources */ = {isa = PBXBuildFile; fileRef = 8D434D0E21966BDB00D4CE01 /* main.m */; };
		8D434D1621966F6400D4CE01 /* MyClass.m in Sources */ = {isa = PBXBuildFile; fileRef = 8D434D1521966F6400D4CE01 /* MyClass.m */; };
		8D434D202196955100D4CE01 /* MyClass+CategoryTest.m in Sources */ = {isa = PBXBuildFile; fileRef = 8D434D1F2196955100D4CE01 /* MyClass+CategoryTest.m */; };
/* End PBXBuildFile section */

/* Begin PBXCopyFilesBuildPhase section */
		8D434D0921966BDB00D4CE01 /* CopyFiles */ = {
			isa = PBXCopyFilesBuildPhase;
			buildActionMask = 2147483647;
			dstPath = /usr/share/man/man1/;
			dstSubfolderSpec = 0;
			files = (
			);
			runOnlyForDeploymentPostprocessing = 1;
		};
/* End PBXCopyFilesBuildPhase section */

/* Begin PBXFileReference section */
		8D434D0B21966BDB00D4CE01 /* Objective_CDemo */ = {isa = PBXFileReference; explicitFileType = "compiled.mach-o.executable"; includeInIndex = 0; path = Objective_CDemo; sourceTree = BUILT_PRODUCTS_DIR; };
		8D434D0E21966BDB00D4CE01 /* main.m */ = {isa = PBXFileReference; lastKnownFileType = sourcecode.c.objc; path = main.m; sourceTree = "<group>"; };
		8D434D1521966F6400D4CE01 /* MyClass.m */ = {isa = PBXFileReference; lastKnownFileType = sourcecode.c.objc; path = MyClass.m; sourceTree = "<group>"; };
		8D434D1721966F8D00D4CE01 /* MyClass.h */ = {isa = PBXFileReference; lastKnownFileType = sourcecode.c.h; path = MyClass.h; sourceTree = "<group>"; };
		8D434D1E2196955100D4CE01 /* MyClass+CategoryTest.h */ = {isa = PBXFileReference; lastKnownFileType = sourcecode.c.h; path = "MyClass+CategoryTest.h"; sourceTree = "<group>"; };
		8D434D1F2196955100D4CE01 /* MyClass+CategoryTest.m */ = {isa = PBXFileReference; lastKnownFileType = sourcecode.c.objc; path = "MyClass+CategoryTest.m"; sourceTree = "<group>"; };
/* End PBXFileReference section */

/* Begin PBXFrameworksBuildPhase section */
		8D434D0821966BDB00D4CE01 /* Frameworks */ = {
			isa = PBXFrameworksBuildPhase;
			buildActionMask = 2147483647;
			files = (
			);
			runOnlyForDeploymentPostprocessing = 0;
		};
/* End PBXFrameworksBuildPhase section */

/* Begin PBXGroup section */
		8D434D0221966BDB00D4CE01 = {
			isa = PBXGroup;
			children = (
				8D434D0D21966BDB00D4CE01 /* Objective_CDemo */,
				8D434D0C21966BDB00D4CE01 /* Products */,
			);
			sourceTree = "<group>";
		};
		8D434D0C21966BDB00D4CE01 /* Products */ = {
			isa = PBXGroup;
			children = (
				8D434D0B21966BDB00D4CE01 /* Objective_CDemo */,
			);
			name = Products;
			sourceTree = "<group>";
		};
		8D434D0D21966BDB00D4CE01 /* Objective_CDemo */ = {
			isa = PBXGroup;
			children = (
				8D434D0E21966BDB00D4CE01 /* main.m */,
				8D434D1521966F6400D4CE01 /* MyClass.m */,
				8D434D1721966F8D00D4CE01 /* MyClass.h */,
				8D434D1E2196955100D4CE01 /* MyClass+CategoryTest.h */,
				8D434D1F2196955100D4CE01 /* MyClass+CategoryTest.m */,
			);
			path = Objective_CDemo;
			sourceTree = "<group>";
		};
/* End PBXGroup section */

/* Begin PBXNativeTarget section */
		8D434D0A21966BDB00D4CE01 /* Objective_CDemo */ = {
			isa = PBXNativeTarget;
			buildConfigurationList = 8D434D1221966BDB00D4CE01 /* Build configuration list for PBXNativeTarget "Objective_CDemo" */;
			buildPhases = (
				8D434D0721966BDB00D4CE01 /* Sources */,
				8D434D0821966BDB00D4CE01 /* Frameworks */,
				8D434D0921966BDB00D4CE01 /* CopyFiles */,
			);
			buildRules = (
			);
			dependencies = (
			);
			name = Objective_CDemo;
			productName = Objective_CDemo;
			productReference = 8D434D0B21966BDB00D4CE01 /* Objective_CDemo */;
			productType = "com.apple.product-type.tool";
		};
/* End PBXNativeTarget section */

/* Begin PBXProject section */
		8D434D0321966BDB00D4CE01 /* Project object */ = {
			isa = PBXProject;
			attributes = {
				LastUpgradeCheck = 0920;
				ORGANIZATIONNAME = "夏天明";
				TargetAttributes = {
					8D434D0A21966BDB00D4CE01 = {
						CreatedOnToolsVersion = 9.2;
						ProvisioningStyle = Automatic;
					};
				};
			};
			buildConfigurationList = 8D434D0621966BDB00D4CE01 /* Build configuration list for PBXProject "Objective_CDemo" */;
			compatibilityVersion = "Xcode 8.0";
			developmentRegion = en;
			hasScannedForEncodings = 0;
			knownRegions = (
				en,
			);
			mainGroup = 8D434D0221966BDB00D4CE01;
			productRefGroup = 8D434D0C21966BDB00D4CE01 /* Products */;
			projectDirPath = "";
			projectRoot = "";
			targets = (
				8D434D0A21966BDB00D4CE01 /* Objective_CDemo */,
			);
		};
/* End PBXProject section */

/* Begin PBXSourcesBuildPhase section */
		8D434D0721966BDB00D4CE01 /* Sources */ = {
			isa = PBXSourcesBuildPhase;
			buildActionMask = 2147483647;
			files = (
				8D434D202196955100D4CE01 /* MyClass+CategoryTest.m in Sources */,
				8D434D1621966F6400D4CE01 /* MyClass.m in Sources */,
				8D434D0F21966BDB00D4CE01 /* main.m in Sources */,
			);
			runOnlyForDeploymentPostprocessing = 0;
		};
/* End PBXSourcesBuildPhase section */

/* Begin XCBuildConfiguration section */
		8D434D1021966BDB00D4CE01 /* Debug */ = {
			isa = XCBuildConfiguration;
			buildSettings = {
				ALWAYS_SEARCH_USER_PATHS = NO;
				CLANG_ANALYZER_NONNULL = YES;
				CLANG_ANALYZER_NUMBER_OBJECT_CONVERSION = YES_AGGRESSIVE;
				CLANG_CXX_LANGUAGE_STANDARD = "gnu++14";
				CLANG_CXX_LIBRARY = "libc++";
				CLANG_ENABLE_MODULES = YES;
				CLANG_ENABLE_OBJC_ARC = YES;
				CLANG_WARN_BLOCK_CAPTURE_AUTORELEASING = YES;
				CLANG_WARN_BOOL_CONVERSION = YES;
				CLANG_WARN_COMMA = YES;
				CLANG_WARN_CONSTANT_CONVERSION = YES;
				CLANG_WARN_DIRECT_OBJC_ISA_USAGE = YES_ERROR;
				CLANG_WARN_DOCUMENTATION_COMMENTS = YES;
				CLANG_WARN_EMPTY_BODY = YES;
				CLANG_WARN_ENUM_CONVERSION = YES;
				CLANG_WARN_INFINITE_RECURSION = YES;
				CLANG_WARN_INT_CONVERSION = YES;
				CLANG_WARN_NON_LITERAL_NULL_CONVERSION = YES;
				CLANG_WARN_OBJC_LITERAL_CONVERSION = YES;
				CLANG_WARN_OBJC_ROOT_CLASS = YES_ERROR;
				CLANG_WARN_RANGE_LOOP_ANALYSIS = YES;
				CLANG_WARN_STRICT_PROTOTYPES = YES;
				CLANG_WARN_SUSPICIOUS_MOVE = YES;
				CLANG_WARN_UNGUARDED_AVAILABILITY = YES_AGGRESSIVE;
				CLANG_WARN_UNREACHABLE_CODE = YES;
				CLANG_WARN__DUPLICATE_METHOD_MATCH = YES;
				CODE_SIGN_IDENTITY = "Mac Developer";
				COPY_PHASE_STRIP = NO;
				DEBUG_INFORMATION_FORMAT = dwarf;
				ENABLE_STRICT_OBJC_MSGSEND = YES;
				ENABLE_TESTABILITY = YES;
				GCC_C_LANGUAGE_STANDARD = gnu11;
				GCC_DYNAMIC_NO_PIC = NO;
				GCC_NO_COMMON_BLOCKS = YES;
				GCC_OPTIMIZATION_LEVEL = 0;
				GCC_PREPROCESSOR_DEFINITIONS = (
					"DEBUG=1",
					"$(inherited)",
				);
				GCC_WARN_64_TO_32_BIT_CONVERSION = YES;
				GCC_WARN_ABOUT_RETURN_TYPE = YES_ERROR;
				GCC_WARN_UNDECLARED_SELECTOR = YES;
				GCC_WARN_UNINITIALIZED_AUTOS = YES_AGGRESSIVE;
				GCC_WARN_UNUSED_FUNCTION = YES;
				GCC_WARN_UNUSED_VARIABLE = YES;
				MACOSX_DEPLOYMENT_TARGET = 10.13;
				MTL_ENABLE_DEBUG_INFO = YES;
				ONLY_ACTIVE_ARCH = YES;
				SDKROOT = macosx;
			};
			name = Debug;
		};
		8D434D1121966BDB00D4CE01 /* Release */ = {
			isa = XCBuildConfiguration;
			buildSettings = {
				ALWAYS_SEARCH_USER_PATHS = NO;
				CLANG_ANALYZER_NONNULL = YES;
				CLANG_ANALYZER_NUMBER_OBJECT_CONVERSION = YES_AGGRESSIVE;
				CLANG_CXX_LANGUAGE_STANDARD = "gnu++14";
				CLANG_CXX_LIBRARY = "libc++";
				CLANG_ENABLE_MODULES = YES;
				CLANG_ENABLE_OBJC_ARC = YES;
				CLANG_WARN_BLOCK_CAPTURE_AUTORELEASING = YES;
				CLANG_WARN_BOOL_CONVERSION = YES;
				CLANG_WARN_COMMA = YES;
				CLANG_WARN_CONSTANT_CONVERSION = YES;
				CLANG_WARN_DIRECT_OBJC_ISA_USAGE = YES_ERROR;
				CLANG_WARN_DOCUMENTATION_COMMENTS = YES;
				CLANG_WARN_EMPTY_BODY = YES;
				CLANG_WARN_ENUM_CONVERSION = YES;
				CLANG_WARN_INFINITE_RECURSION = YES;
				CLANG_WARN_INT_CONVERSION = YES;
				CLANG_WARN_NON_LITERAL_NULL_CONVERSION = YES;
				CLANG_WARN_OBJC_LITERAL_CONVERSION = YES;
				CLANG_WARN_OBJC_ROOT_CLASS = YES_ERROR;
				CLANG_WARN_RANGE_LOOP_ANALYSIS = YES;
				CLANG_WARN_STRICT_PROTOTYPES = YES;
				CLANG_WARN_SUSPICIOUS_MOVE = YES;
				CLANG_WARN_UNGUARDED_AVAILABILITY = YES_AGGRESSIVE;
				CLANG_WARN_UNREACHABLE_CODE = YES;
				CLANG_WARN__DUPLICATE_METHOD_MATCH = YES;
				CODE_SIGN_IDENTITY = "Mac Developer";
				COPY_PHASE_STRIP = NO;
				DEBUG_INFORMATION_FORMAT = "dwarf-with-dsym";
				ENABLE_NS_ASSERTIONS = NO;
				ENABLE_STRICT_OBJC_MSGSEND = YES;
				GCC_C_LANGUAGE_STANDARD = gnu11;
				GCC_NO_COMMON_BLOCKS = YES;
				GCC_WARN_64_TO_32_BIT_CONVERSION = YES;
				GCC_WARN_ABOUT_RETURN_TYPE = YES_ERROR;
				GCC_WARN_UNDECLARED_SELECTOR = YES;
				GCC_WARN_UNINITIALIZED_AUTOS = YES_AGGRESSIVE;
				GCC_WARN_UNUSED_FUNCTION = YES;
				GCC_WARN_UNUSED_VARIABLE = YES;
				MACOSX_DEPLOYMENT_TARGET = 10.13;
				MTL_ENABLE_DEBUG_INFO = NO;
				SDKROOT = macosx;
			};
			name = Release;
		};
		8D434D1321966BDB00D4CE01 /* Debug */ = {
			isa = XCBuildConfiguration;
			buildSettings = {
				CODE_SIGN_STYLE = Automatic;
				DEVELOPMENT_TEAM = C9BZ8YJ3KR;
				PRODUCT_NAME = "$(TARGET_NAME)";
			};
			name = Debug;
		};
		8D434D1421966BDB00D4CE01 /* Release */ = {
			isa = XCBuildConfiguration;
			buildSettings = {
				CODE_SIGN_STYLE = Automatic;
				DEVELOPMENT_TEAM = C9BZ8YJ3KR;
				PRODUCT_NAME = "$(TARGET_NAME)";
			};
			name = Release;
		};
/* End XCBuildConfiguration section */

/* Begin XCConfigurationList section */
		8D434D0621966BDB00D4CE01 /* Build configuration list for PBXProject "Objective_CDemo" */ = {
			isa = XCConfigurationList;
			buildConfigurations = (
				8D434D1021966BDB00D4CE01 /* Debug */,
				8D434D1121966BDB00D4CE01 /* Release */,
			);
			defaultConfigurationIsVisible = 0;
			defaultConfigurationName = Release;
		};
		8D434D1221966BDB00D4CE01 /* Build configuration list for PBXNativeTarget "Objective_CDemo" */ = {
			isa = XCConfigurationList;
			buildConfigurations = (
				8D434D1321966BDB00D4CE01 /* Debug */,
				8D434D1421966BDB00D4CE01 /* Release */,
			);
			defaultConfigurationIsVisible = 0;
			defaultConfigurationName = Release;
		};
/* End XCConfigurationList section */
	};
	rootObject = 8D434D0321966BDB00D4CE01 /* Project object */;
}
